
Microsoft Visual Studio Solution File, Format Version 12.00
# Visual Studio Version 17
VisualStudioVersion = 17.6.33815.320
MinimumVisualStudioVersion = 10.0.40219.1
Project("{FAE04EC0-301F-11D3-BF4B-00C04F79EFBC}") = "WinFormsApp1", "WinFormsApp1\WinFormsApp1.csproj", "{955D8624-B233-4028-B44E-90002BCBE504}"
EndProject
Project("{FAE04EC0-301F-11D3-BF4B-00C04F79EFBC}") = "WinFormsApp2", "WinFormsApp2\WinFormsApp2.csproj", "{0A034F6C-E6C4-43A1-A2CB-B02B153844C1}"
EndProject
Global
	GlobalSection(SolutionConfigurationPlatforms) = preSolution
		Debug|Any CPU = Debug|Any CPU
		Release|Any CPU = Release|Any CPU
	EndGlobalSection
	GlobalSection(ProjectConfigurationPlatforms) = postSolution
		{955D8624-B233-4028-B44E-90002BCBE504}.Debug|Any CPU.ActiveCfg = Debug|Any CPU
		{955D8624-B233-4028-B44E-90002BCBE504}.Debug|Any CPU.Build.0 = Debug|Any CPU
		{955D8624-B233-4028-B44E-90002BCBE504}.Release|Any CPU.ActiveCfg = Release|Any CPU
		{955D8624-B233-4028-B44E-90002BCBE504}.Release|Any CPU.Build.0 = Release|Any CPU
		{0A034F6C-E6C4-43A1-A2CB-B02B153844C1}.Debug|Any CPU.ActiveCfg = Debug|Any CPU
		{0A034F6C-E6C4-43A1-A2CB-B02B153844C1}.Debug|Any CPU.Build.0 = Debug|Any CPU
		{0A034F6C-E6C4-43A1-A2CB-B02B153844C1}.Release|Any CPU.ActiveCfg = Release|Any CPU
		{0A034F6C-E6C4-43A1-A2CB-B02B153844C1}.Release|Any CPU.Build.0 = Release|Any CPU
	EndGlobalSection
	GlobalSection(SolutionProperties) = preSolution
		HideSolutionNode = FALSE
	EndGlobalSection
	GlobalSection(ExtensibilityGlobals) = postSolution
		SolutionGuid = {74449F73-9F3E-4187-B67F-5F2659212B3A}
	EndGlobalSection
EndGlobal
